
Microsoft Visual Studio Solution File, Format Version 12.00
# Visual Studio Version 16
VisualStudioVersion = 25.0.1705.2
MinimumVisualStudioVersion = 10.0.40219.1
Project("{FAE04EC0-301F-11D3-BF4B-00C04F79EFBC}") = "Rookiss", "Rookiss\Rookiss.csproj", "{4AF0ED04-5A30-4165-B80C-05B0DF2CE06D}"
EndProject
Global
	GlobalSection(SolutionConfigurationPlatforms) = preSolution
		Debug|Any CPU = Debug|Any CPU
		Release|Any CPU = Release|Any CPU
	EndGlobalSection
	GlobalSection(ProjectConfigurationPlatforms) = postSolution
		{4AF0ED04-5A30-4165-B80C-05B0DF2CE06D}.Debug|Any CPU.ActiveCfg = Debug|Any CPU
		{4AF0ED04-5A30-4165-B80C-05B0DF2CE06D}.Debug|Any CPU.Build.0 = Debug|Any CPU
		{4AF0ED04-5A30-4165-B80C-05B0DF2CE06D}.Release|Any CPU.ActiveCfg = Release|Any CPU
		{4AF0ED04-5A30-4165-B80C-05B0DF2CE06D}.Release|Any CPU.Build.0 = Release|Any CPU
	EndGlobalSection
	GlobalSection(SolutionProperties) = preSolution
		HideSolutionNode = FALSE
	EndGlobalSection
	GlobalSection(ExtensibilityGlobals) = postSolution
		SolutionGuid = {C810E8E9-8B17-4431-A1AB-FB1A777B0845}
	EndGlobalSection
EndGlobal
